<?xml version="1.0" encoding="utf-8"?>
<Project ToolsVersion="4.0" xmlns="http://schemas.microsoft.com/developer/msbuild/2003">
  <ItemGroup>
    <Filter Include="Source Files">
      <UniqueIdentifier>{4FC737F1-C7A5-4376-A066-2A32D752A2FF}</UniqueIdentifier>
      <Extensions>cpp;c;cc;cxx;def;odl;idl;hpj;bat;asm;asmx</Extensions>
    </Filter>
    <Filter Include="Resource Files">
      <UniqueIdentifier>{67DA6AB6-F800-4c08-8B7A-83BB121AAD01}</UniqueIdentifier>
      <Extensions>rc;ico;cur;bmp;dlg;rc2;rct;bin;rgs;gif;jpg;jpeg;jpe;resx;tiff;tif;png;wav;mfcribbon-ms</Extensions>
    </Filter>
    <Filter Include="Header Files">
      <UniqueIdentifier>{097ad657-a71f-4064-aa9d-eb9e019a48fa}</UniqueIdentifier>
    </Filter>
  </ItemGroup>
  <ItemGroup>
    <ClCompile Include="cs432.cpp">
      <Filter>Source Files</Filter>
    </ClCompile>
    <ClCompile Include="mat.cpp">
      <Filter>Source Files</Filter>
    </ClCompile>
    <ClCompile Include="matStack.cpp">
      <Filter>Source Files</Filter>
    </ClCompile>
    <ClCompile Include="torus.cpp">
      <Filter>Source Files</Filter>
    </ClCompile>
    <ClCompile Include="vec.cpp">
      <Filter>Source Files</Filter>
    </ClCompile>
    <ClCompile Include="main2.cpp">
      <Filter>Source Files</Filter>
    </ClCompile>
    <ClCompile Include="main.cpp">
      <Filter>Source Files</Filter>
    </ClCompile>
    <ClCompile Include="picking.cpp">
      <Filter>Source Files</Filter>
    </ClCompile>
    <ClCompile Include="robotMain.cpp">
      <Filter>Source Files</Filter>
    </ClCompile>
    <ClCompile Include="simpleMain2.cpp">
      <Filter>Source Files</Filter>
    </ClCompile>
    <ClCompile Include="asst3.cpp">
      <Filter>Source Files</Filter>
    </ClCompile>
    <ClCompile Include="objparser.cpp">
      <Filter>Source Files</Filter>
    </ClCompile>
    <ClCompile Include="floor_plan.cpp">
      <Filter>Source Files</Filter>
    </ClCompile>
    <ClCompile Include="ppm.cpp">
      <Filter>Source Files</Filter>
    </ClCompile>
  </ItemGroup>
  <ItemGroup>
    <ClInclude Include="cs432.h">
      <Filter>Header Files</Filter>
    </ClInclude>
    <ClInclude Include="mat.h">
      <Filter>Header Files</Filter>
    </ClInclude>
    <ClInclude Include="matStack.h">
      <Filter>Header Files</Filter>
    </ClInclude>
    <ClInclude Include="torus.h">
      <Filter>Header Files</Filter>
    </ClInclude>
    <ClInclude Include="vec.h">
      <Filter>Header Files</Filter>
    </ClInclude>
    <ClInclude Include="picking.h">
      <Filter>Header Files</Filter>
    </ClInclude>
    <ClInclude Include="domino.h">
      <Filter>Header Files</Filter>
    </ClInclude>
    <ClInclude Include="blobject.h">
      <Filter>Header Files</Filter>
    </ClInclude>
    <ClInclude Include="objparser.h">
      <Filter>Header Files</Filter>
    </ClInclude>
    <ClInclude Include="material.h">
      <Filter>Header Files</Filter>
    </ClInclude>
    <ClInclude Include="ppm.h">
      <Filter>Header Files</Filter>
    </ClInclude>
  </ItemGroup>
</Project>